
Microsoft Visual Studio Solution File, Format Version 12.00
# Visual Studio Version 17
VisualStudioVersion = 17.13.35931.197
MinimumVisualStudioVersion = 10.0.40219.1
Project("{FAE04EC0-301F-11D3-BF4B-00C04F79EFBC}") = "CreditControls", "CreditControls\CreditControls.csproj", "{768D65FA-10CF-4227-96DD-D048894C81F8}"
EndProject
Global
	GlobalSection(SolutionConfigurationPlatforms) = preSolution
		Debug|Any CPU = Debug|Any CPU
		Release|Any CPU = Release|Any CPU
	EndGlobalSection
	GlobalSection(ProjectConfigurationPlatforms) = postSolution
		{768D65FA-10CF-4227-96DD-D048894C81F8}.Debug|Any CPU.ActiveCfg = Debug|Any CPU
		{768D65FA-10CF-4227-96DD-D048894C81F8}.Debug|Any CPU.Build.0 = Debug|Any CPU
		{768D65FA-10CF-4227-96DD-D048894C81F8}.Release|Any CPU.ActiveCfg = Release|Any CPU
		{768D65FA-10CF-4227-96DD-D048894C81F8}.Release|Any CPU.Build.0 = Release|Any CPU
	EndGlobalSection
	GlobalSection(SolutionProperties) = preSolution
		HideSolutionNode = FALSE
	EndGlobalSection
	GlobalSection(ExtensibilityGlobals) = postSolution
		SolutionGuid = {4A005E28-8102-492A-8E49-273F727E3D13}
	EndGlobalSection
EndGlobal
